// !$*UTF8*$!
{
	archiveVersion = 1;
	classes = {
	};
	objectVersion = 70;
	objects = {

/* Begin PBXBuildFile section */
		3814E5E14935287FD427B3F0 /* Assets.xcassets in Resources */ = {isa = PBXBuildFile; fileRef = 4778E2CB5BC89F52EF7945BB /* Assets.xcassets */; };
		A2973669F245BAE952CD86AA /* QoobymApp.swift in Sources */ = {isa = PBXBuildFile; fileRef = 270D4615F3B56407C46B03F0 /* QoobymApp.swift */; };
		EA8CAF2A2DD0EAD800F4899B /* PersistenceController.swift in Sources */ = {isa = PBXBuildFile; fileRef = EA8CAF292DD0EAD700F4899B /* PersistenceController.swift */; };
		EA8CAF2C2DD1026900F4899B /* BookDetailView.swift in Sources */ = {isa = PBXBuildFile; fileRef = EA8CAF2B2DD1026900F4899B /* BookDetailView.swift */; };
		EAFD78692DCFD1C80090D70D /* MainView.swift in Sources */ = {isa = PBXBuildFile; fileRef = EAFD78682DCFD1C80090D70D /* MainView.swift */; };
		EAFD78712DD0DCAB0090D70D /* BookStorageModel.xcdatamodeld in Sources */ = {isa = PBXBuildFile; fileRef = EAFD786F2DD0DCAB0090D70D /* BookStorageModel.xcdatamodeld */; };
		EAFD78752DD0E3860090D70D /* AddBookView.swift in Sources */ = {isa = PBXBuildFile; fileRef = EAFD78742DD0E3860090D70D /* AddBookView.swift */; };
		EAFD78772DD0E40A0090D70D /* ImagePicker.swift in Sources */ = {isa = PBXBuildFile; fileRef = EAFD78762DD0E4090090D70D /* ImagePicker.swift */; };
/* End PBXBuildFile section */

/* Begin PBXFileReference section */
		270D4615F3B56407C46B03F0 /* QoobymApp.swift */ = {isa = PBXFileReference; lastKnownFileType = sourcecode.swift; path = QoobymApp.swift; sourceTree = "<group>"; };
		4778E2CB5BC89F52EF7945BB /* Assets.xcassets */ = {isa = PBXFileReference; lastKnownFileType = folder.assetcatalog; path = Assets.xcassets; sourceTree = "<group>"; };
		48D28FACA0266412BD63334B /* Qoobym.app */ = {isa = PBXFileReference; explicitFileType = wrapper.application; includeInIndex = 0; path = Qoobym.app; sourceTree = BUILT_PRODUCTS_DIR; };
		EA8CAF292DD0EAD700F4899B /* PersistenceController.swift */ = {isa = PBXFileReference; lastKnownFileType = sourcecode.swift; path = PersistenceController.swift; sourceTree = "<group>"; };
		EA8CAF2B2DD1026900F4899B /* BookDetailView.swift */ = {isa = PBXFileReference; lastKnownFileType = sourcecode.swift; path = BookDetailView.swift; sourceTree = "<group>"; };
		EAFD78682DCFD1C80090D70D /* MainView.swift */ = {isa = PBXFileReference; lastKnownFileType = sourcecode.swift; path = MainView.swift; sourceTree = "<group>"; };
		EAFD78702DD0DCAB0090D70D /* BookStorageModel.xcdatamodel */ = {isa = PBXFileReference; lastKnownFileType = wrapper.xcdatamodel; path = BookStorageModel.xcdatamodel; sourceTree = "<group>"; };
		EAFD78742DD0E3860090D70D /* AddBookView.swift */ = {isa = PBXFileReference; lastKnownFileType = sourcecode.swift; path = AddBookView.swift; sourceTree = "<group>"; };
		EAFD78762DD0E4090090D70D /* ImagePicker.swift */ = {isa = PBXFileReference; lastKnownFileType = sourcecode.swift; path = ImagePicker.swift; sourceTree = "<group>"; };
		FC5F84D99217F70A7B0E85FE /* Info.plist */ = {isa = PBXFileReference; lastKnownFileType = text.plist; path = Info.plist; sourceTree = "<group>"; };
/* End PBXFileReference section */

/* Begin PBXFileSystemSynchronizedRootGroup section */
		EA9E8F4E2E79E8ED00DAC641 /* Helpers */ = {isa = PBXFileSystemSynchronizedRootGroup; explicitFileTypes = {}; explicitFolders = (); path = Helpers; sourceTree = "<group>"; };
/* End PBXFileSystemSynchronizedRootGroup section */

/* Begin PBXGroup section */
		5D2AD184A05E68A8AEEC9C2C /* Products */ = {
			isa = PBXGroup;
			children = (
				48D28FACA0266412BD63334B /* Qoobym.app */,
			);
			name = Products;
			sourceTree = "<group>";
		};
		6EA050183502A8963A09B923 /* Qoobym */ = {
			isa = PBXGroup;
			children = (
				270D4615F3B56407C46B03F0 /* QoobymApp.swift */,
				4778E2CB5BC89F52EF7945BB /* Assets.xcassets */,
				FC5F84D99217F70A7B0E85FE /* Info.plist */,
				EAFD786C2DCFD2490090D70D /* Model */,
				EAFD786B2DCFD2290090D70D /* ViewModel */,
				EAFD786A2DCFD2150090D70D /* View */,
				EA9E8F4E2E79E8ED00DAC641 /* Helpers */,
			);
			path = Qoobym;
			sourceTree = "<group>";
		};
		A4692258ED16209310E32FC5 = {
			isa = PBXGroup;
			children = (
				6EA050183502A8963A09B923 /* Qoobym */,
				5D2AD184A05E68A8AEEC9C2C /* Products */,
			);
			sourceTree = "<group>";
		};
		EAFD786A2DCFD2150090D70D /* View */ = {
			isa = PBXGroup;
			children = (
				EAFD78682DCFD1C80090D70D /* MainView.swift */,
				EAFD78742DD0E3860090D70D /* AddBookView.swift */,
				EAFD78762DD0E4090090D70D /* ImagePicker.swift */,
				EA8CAF2B2DD1026900F4899B /* BookDetailView.swift */,
			);
			path = View;
			sourceTree = "<group>";
		};
		EAFD786B2DCFD2290090D70D /* ViewModel */ = {
			isa = PBXGroup;
			children = (
			);
			path = ViewModel;
			sourceTree = "<group>";
		};
		EAFD786C2DCFD2490090D70D /* Model */ = {
			isa = PBXGroup;
			children = (
				EAFD786F2DD0DCAB0090D70D /* BookStorageModel.xcdatamodeld */,
				EA8CAF292DD0EAD700F4899B /* PersistenceController.swift */,
			);
			path = Model;
			sourceTree = "<group>";
		};
/* End PBXGroup section */

/* Begin PBXNativeTarget section */
		AE9AE170469F3FCBA4E8E6E6 /* Qoobym */ = {
			isa = PBXNativeTarget;
			buildConfigurationList = 07EFCB6028C54EF86058898F /* Build configuration list for PBXNativeTarget "Qoobym" */;
			buildPhases = (
				7AB7AAEF836FFA62D43D039A /* Sources */,
				AB1A083558F5B518E6195579 /* Resources */,
			);
			buildRules = (
			);
			dependencies = (
			);
			name = Qoobym;
			packageProductDependencies = (
			);
			productName = Qoobym;
			productReference = 48D28FACA0266412BD63334B /* Qoobym.app */;
			productType = "com.apple.product-type.application";
		};
/* End PBXNativeTarget section */

/* Begin PBXProject section */
		4160B6466947A38A17CC65B7 /* Project object */ = {
			isa = PBXProject;
			attributes = {
				BuildIndependentTargetsInParallel = YES;
				LastUpgradeCheck = 1630;
			};
			buildConfigurationList = EA9D200136967DA82FADEBAE /* Build configuration list for PBXProject "Qoobym" */;
			compatibilityVersion = "Xcode 14.0";
			developmentRegion = en;
			hasScannedForEncodings = 0;
			knownRegions = (
				Base,
				en,
			);
			mainGroup = A4692258ED16209310E32FC5;
			minimizedProjectReferenceProxies = 1;
			projectDirPath = "";
			projectRoot = "";
			targets = (
				AE9AE170469F3FCBA4E8E6E6 /* Qoobym */,
			);
		};
/* End PBXProject section */

/* Begin PBXResourcesBuildPhase section */
		AB1A083558F5B518E6195579 /* Resources */ = {
			isa = PBXResourcesBuildPhase;
			buildActionMask = 2147483647;
			files = (
				3814E5E14935287FD427B3F0 /* Assets.xcassets in Resources */,
			);
			runOnlyForDeploymentPostprocessing = 0;
		};
/* End PBXResourcesBuildPhase section */

/* Begin PBXSourcesBuildPhase section */
		7AB7AAEF836FFA62D43D039A /* Sources */ = {
			isa = PBXSourcesBuildPhase;
			buildActionMask = 2147483647;
			files = (
				A2973669F245BAE952CD86AA /* QoobymApp.swift in Sources */,
				EAFD78712DD0DCAB0090D70D /* BookStorageModel.xcdatamodeld in Sources */,
				EAFD78772DD0E40A0090D70D /* ImagePicker.swift in Sources */,
				EA8CAF2A2DD0EAD800F4899B /* PersistenceController.swift in Sources */,
				EAFD78692DCFD1C80090D70D /* MainView.swift in Sources */,
				EAFD78752DD0E3860090D70D /* AddBookView.swift in Sources */,
				EA8CAF2C2DD1026900F4899B /* BookDetailView.swift in Sources */,
			);
			runOnlyForDeploymentPostprocessing = 0;
		};
/* End PBXSourcesBuildPhase section */

/* Begin XCBuildConfiguration section */
		3AF1556739DB6A6BE84B7386 /* Debug */ = {
			isa = XCBuildConfiguration;
			buildSettings = {
				ASSETCATALOG_COMPILER_APPICON_NAME = AppIcon;
				CODE_SIGN_IDENTITY = "iPhone Developer";
				DEVELOPMENT_TEAM = RWP28CYWVZ;
				INFOPLIST_FILE = Qoobym/Info.plist;
				LD_RUNPATH_SEARCH_PATHS = (
					"$(inherited)",
					"@executable_path/Frameworks",
				);
				PRODUCT_BUNDLE_IDENTIFIER = aswitch.me.Qoobym;
				SDKROOT = iphoneos;
				SUPPORTS_MAC_DESIGNED_FOR_IPHONE_IPAD = YES;
				TARGETED_DEVICE_FAMILY = 1;
			};
			name = Debug;
		};
		9C97F27A8D6A002D36494918 /* Release */ = {
			isa = XCBuildConfiguration;
			buildSettings = {
				ASSETCATALOG_COMPILER_APPICON_NAME = AppIcon;
				CODE_SIGN_IDENTITY = "iPhone Developer";
				DEVELOPMENT_TEAM = RWP28CYWVZ;
				INFOPLIST_FILE = Qoobym/Info.plist;
				LD_RUNPATH_SEARCH_PATHS = (
					"$(inherited)",
					"@executable_path/Frameworks",
				);
				PRODUCT_BUNDLE_IDENTIFIER = aswitch.me.Qoobym;
				SDKROOT = iphoneos;
				SUPPORTS_MAC_DESIGNED_FOR_IPHONE_IPAD = YES;
				TARGETED_DEVICE_FAMILY = 1;
			};
			name = Release;
		};
		BD0B3FC3B37BAB407D8FCE24 /* Release */ = {
			isa = XCBuildConfiguration;
			buildSettings = {
				ALWAYS_SEARCH_USER_PATHS = NO;
				CLANG_ANALYZER_NONNULL = YES;
				CLANG_ANALYZER_NUMBER_OBJECT_CONVERSION = YES_AGGRESSIVE;
				CLANG_CXX_LANGUAGE_STANDARD = "gnu++14";
				CLANG_CXX_LIBRARY = "libc++";
				CLANG_ENABLE_MODULES = YES;
				CLANG_ENABLE_OBJC_ARC = YES;
				CLANG_ENABLE_OBJC_WEAK = YES;
				CLANG_WARN_BLOCK_CAPTURE_AUTORELEASING = YES;
				CLANG_WARN_BOOL_CONVERSION = YES;
				CLANG_WARN_COMMA = YES;
				CLANG_WARN_CONSTANT_CONVERSION = YES;
				CLANG_WARN_DEPRECATED_OBJC_IMPLEMENTATIONS = YES;
				CLANG_WARN_DIRECT_OBJC_ISA_USAGE = YES_ERROR;
				CLANG_WARN_DOCUMENTATION_COMMENTS = YES;
				CLANG_WARN_EMPTY_BODY = YES;
				CLANG_WARN_ENUM_CONVERSION = YES;
				CLANG_WARN_INFINITE_RECURSION = YES;
				CLANG_WARN_INT_CONVERSION = YES;
				CLANG_WARN_NON_LITERAL_NULL_CONVERSION = YES;
				CLANG_WARN_OBJC_IMPLICIT_RETAIN_SELF = YES;
				CLANG_WARN_OBJC_LITERAL_CONVERSION = YES;
				CLANG_WARN_OBJC_ROOT_CLASS = YES_ERROR;
				CLANG_WARN_QUOTED_INCLUDE_IN_FRAMEWORK_HEADER = YES;
				CLANG_WARN_RANGE_LOOP_ANALYSIS = YES;
				CLANG_WARN_STRICT_PROTOTYPES = YES;
				CLANG_WARN_SUSPICIOUS_MOVE = YES;
				CLANG_WARN_UNGUARDED_AVAILABILITY = YES_AGGRESSIVE;
				CLANG_WARN_UNREACHABLE_CODE = YES;
				CLANG_WARN__DUPLICATE_METHOD_MATCH = YES;
				COPY_PHASE_STRIP = NO;
				CURRENT_PROJECT_VERSION = 1;
				DEBUG_INFORMATION_FORMAT = "dwarf-with-dsym";
				DEVELOPMENT_TEAM = PFP266U7G7;
				ENABLE_NS_ASSERTIONS = NO;
				ENABLE_STRICT_OBJC_MSGSEND = YES;
				ENABLE_USER_SCRIPT_SANDBOXING = YES;
				GCC_C_LANGUAGE_STANDARD = gnu11;
				GCC_NO_COMMON_BLOCKS = YES;
				GCC_WARN_64_TO_32_BIT_CONVERSION = YES;
				GCC_WARN_ABOUT_RETURN_TYPE = YES_ERROR;
				GCC_WARN_UNDECLARED_SELECTOR = YES;
				GCC_WARN_UNINITIALIZED_AUTOS = YES_AGGRESSIVE;
				GCC_WARN_UNUSED_FUNCTION = YES;
				GCC_WARN_UNUSED_VARIABLE = YES;
				IDEPreferLogStreaming = YES;
				IPHONEOS_DEPLOYMENT_TARGET = 16.0;
				MARKETING_VERSION = 1;
				MTL_ENABLE_DEBUG_INFO = NO;
				MTL_FAST_MATH = YES;
				PRODUCT_NAME = "$(TARGET_NAME)";
				SDKROOT = iphoneos;
				SWIFT_COMPILATION_MODE = wholemodule;
				SWIFT_OPTIMIZATION_LEVEL = "-O";
				SWIFT_VERSION = 5.0;
			};
			name = Release;
		};
		E3BDD0BD08ACC1C91A347B78 /* Debug */ = {
			isa = XCBuildConfiguration;
			buildSettings = {
				ALWAYS_SEARCH_USER_PATHS = NO;
				CLANG_ANALYZER_NONNULL = YES;
				CLANG_ANALYZER_NUMBER_OBJECT_CONVERSION = YES_AGGRESSIVE;
				CLANG_CXX_LANGUAGE_STANDARD = "gnu++14";
				CLANG_CXX_LIBRARY = "libc++";
				CLANG_ENABLE_MODULES = YES;
				CLANG_ENABLE_OBJC_ARC = YES;
				CLANG_ENABLE_OBJC_WEAK = YES;
				CLANG_WARN_BLOCK_CAPTURE_AUTORELEASING = YES;
				CLANG_WARN_BOOL_CONVERSION = YES;
				CLANG_WARN_COMMA = YES;
				CLANG_WARN_CONSTANT_CONVERSION = YES;
				CLANG_WARN_DEPRECATED_OBJC_IMPLEMENTATIONS = YES;
				CLANG_WARN_DIRECT_OBJC_ISA_USAGE = YES_ERROR;
				CLANG_WARN_DOCUMENTATION_COMMENTS = YES;
				CLANG_WARN_EMPTY_BODY = YES;
				CLANG_WARN_ENUM_CONVERSION = YES;
				CLANG_WARN_INFINITE_RECURSION = YES;
				CLANG_WARN_INT_CONVERSION = YES;
				CLANG_WARN_NON_LITERAL_NULL_CONVERSION = YES;
				CLANG_WARN_OBJC_IMPLICIT_RETAIN_SELF = YES;
				CLANG_WARN_OBJC_LITERAL_CONVERSION = YES;
				CLANG_WARN_OBJC_ROOT_CLASS = YES_ERROR;
				CLANG_WARN_QUOTED_INCLUDE_IN_FRAMEWORK_HEADER = YES;
				CLANG_WARN_RANGE_LOOP_ANALYSIS = YES;
				CLANG_WARN_STRICT_PROTOTYPES = YES;
				CLANG_WARN_SUSPICIOUS_MOVE = YES;
				CLANG_WARN_UNGUARDED_AVAILABILITY = YES_AGGRESSIVE;
				CLANG_WARN_UNREACHABLE_CODE = YES;
				CLANG_WARN__DUPLICATE_METHOD_MATCH = YES;
				COPY_PHASE_STRIP = NO;
				CURRENT_PROJECT_VERSION = 1;
				DEBUG_INFORMATION_FORMAT = dwarf;
				DEVELOPMENT_TEAM = PFP266U7G7;
				ENABLE_STRICT_OBJC_MSGSEND = YES;
				ENABLE_TESTABILITY = YES;
				ENABLE_USER_SCRIPT_SANDBOXING = YES;
				GCC_C_LANGUAGE_STANDARD = gnu11;
				GCC_DYNAMIC_NO_PIC = NO;
				GCC_NO_COMMON_BLOCKS = YES;
				GCC_OPTIMIZATION_LEVEL = 0;
				GCC_PREPROCESSOR_DEFINITIONS = (
					"$(inherited)",
					"DEBUG=1",
				);
				GCC_WARN_64_TO_32_BIT_CONVERSION = YES;
				GCC_WARN_ABOUT_RETURN_TYPE = YES_ERROR;
				GCC_WARN_UNDECLARED_SELECTOR = YES;
				GCC_WARN_UNINITIALIZED_AUTOS = YES_AGGRESSIVE;
				GCC_WARN_UNUSED_FUNCTION = YES;
				GCC_WARN_UNUSED_VARIABLE = YES;
				IDEPreferLogStreaming = YES;
				IPHONEOS_DEPLOYMENT_TARGET = 16.0;
				MARKETING_VERSION = 1;
				MTL_ENABLE_DEBUG_INFO = INCLUDE_SOURCE;
				MTL_FAST_MATH = YES;
				ONLY_ACTIVE_ARCH = YES;
				PRODUCT_NAME = "$(TARGET_NAME)";
				SDKROOT = iphoneos;
				SWIFT_ACTIVE_COMPILATION_CONDITIONS = DEBUG;
				SWIFT_OPTIMIZATION_LEVEL = "-Onone";
				SWIFT_VERSION = 5.0;
			};
			name = Debug;
		};
/* End XCBuildConfiguration section */

/* Begin XCConfigurationList section */
		07EFCB6028C54EF86058898F /* Build configuration list for PBXNativeTarget "Qoobym" */ = {
			isa = XCConfigurationList;
			buildConfigurations = (
				3AF1556739DB6A6BE84B7386 /* Debug */,
				9C97F27A8D6A002D36494918 /* Release */,
			);
			defaultConfigurationIsVisible = 0;
			defaultConfigurationName = Debug;
		};
		EA9D200136967DA82FADEBAE /* Build configuration list for PBXProject "Qoobym" */ = {
			isa = XCConfigurationList;
			buildConfigurations = (
				E3BDD0BD08ACC1C91A347B78 /* Debug */,
				BD0B3FC3B37BAB407D8FCE24 /* Release */,
			);
			defaultConfigurationIsVisible = 0;
			defaultConfigurationName = Debug;
		};
/* End XCConfigurationList section */

/* Begin XCVersionGroup section */
		EAFD786F2DD0DCAB0090D70D /* BookStorageModel.xcdatamodeld */ = {
			isa = XCVersionGroup;
			children = (
				EAFD78702DD0DCAB0090D70D /* BookStorageModel.xcdatamodel */,
			);
			currentVersion = EAFD78702DD0DCAB0090D70D /* BookStorageModel.xcdatamodel */;
			path = BookStorageModel.xcdatamodeld;
			sourceTree = "<group>";
			versionGroupType = wrapper.xcdatamodel;
		};
/* End XCVersionGroup section */
	};
	rootObject = 4160B6466947A38A17CC65B7 /* Project object */;
}
